// !$*UTF8*$!
{
	archiveVersion = 1;
	classes = {
	};
	objectVersion = 46;
	objects = {

/* Begin PBXBuildFile section */
		D2544BC81994B81500794A4F /* Foundation.framework in Frameworks */ = {isa = PBXBuildFile; fileRef = D2544BC71994B81500794A4F /* Foundation.framework */; };
		D2544BCA1994B81500794A4F /* CoreGraphics.framework in Frameworks */ = {isa = PBXBuildFile; fileRef = D2544BC91994B81500794A4F /* CoreGraphics.framework */; };
		D2544BCC1994B81500794A4F /* UIKit.framework in Frameworks */ = {isa = PBXBuildFile; fileRef = D2544BCB1994B81500794A4F /* UIKit.framework */; };
		D2544BD21994B81500794A4F /* InfoPlist.strings in Resources */ = {isa = PBXBuildFile; fileRef = D2544BD01994B81500794A4F /* InfoPlist.strings */; };
		D2544BD41994B81500794A4F /* main.m in Sources */ = {isa = PBXBuildFile; fileRef = D2544BD31994B81500794A4F /* main.m */; };
		D2544BD81994B81500794A4F /* AppDelegate.m in Sources */ = {isa = PBXBuildFile; fileRef = D2544BD71994B81500794A4F /* AppDelegate.m */; };
		D2544BDA1994B81500794A4F /* Images.xcassets in Resources */ = {isa = PBXBuildFile; fileRef = D2544BD91994B81500794A4F /* Images.xcassets */; };
		D2544BE11994B81500794A4F /* XCTest.framework in Frameworks */ = {isa = PBXBuildFile; fileRef = D2544BE01994B81500794A4F /* XCTest.framework */; };
		D2544BE21994B81500794A4F /* Foundation.framework in Frameworks */ = {isa = PBXBuildFile; fileRef = D2544BC71994B81500794A4F /* Foundation.framework */; };
		D2544BE31994B81500794A4F /* UIKit.framework in Frameworks */ = {isa = PBXBuildFile; fileRef = D2544BCB1994B81500794A4F /* UIKit.framework */; };
		D2544BEB1994B81500794A4F /* InfoPlist.strings in Resources */ = {isa = PBXBuildFile; fileRef = D2544BE91994B81500794A4F /* InfoPlist.strings */; };
		D2544BED1994B81500794A4F /* PaintBoardTests.m in Sources */ = {isa = PBXBuildFile; fileRef = D2544BEC1994B81500794A4F /* PaintBoardTests.m */; };
		D2544BF81994B8AC00794A4F /* MainViewController.m in Sources */ = {isa = PBXBuildFile; fileRef = D2544BF71994B8AC00794A4F /* MainViewController.m */; };
		D2544BFB1994B93E00794A4F /* PaintView.m in Sources */ = {isa = PBXBuildFile; fileRef = D2544BFA1994B93E00794A4F /* PaintView.m */; };
/* End PBXBuildFile section */

/* Begin PBXContainerItemProxy section */
		D2544BE41994B81500794A4F /* PBXContainerItemProxy */ = {
			isa = PBXContainerItemProxy;
			containerPortal = D2544BBC1994B81500794A4F /* Project object */;
			proxyType = 1;
			remoteGlobalIDString = D2544BC31994B81500794A4F;
			remoteInfo = PaintBoard;
		};
/* End PBXContainerItemProxy section */

/* Begin PBXFileReference section */
		D2544BC41994B81500794A4F /* PaintBoard.app */ = {isa = PBXFileReference; explicitFileType = wrapper.application; includeInIndex = 0; path = PaintBoard.app; sourceTree = BUILT_PRODUCTS_DIR; };
		D2544BC71994B81500794A4F /* Foundation.framework */ = {isa = PBXFileReference; lastKnownFileType = wrapper.framework; name = Foundation.framework; path = System/Library/Frameworks/Foundation.framework; sourceTree = SDKROOT; };
		D2544BC91994B81500794A4F /* CoreGraphics.framework */ = {isa = PBXFileReference; lastKnownFileType = wrapper.framework; name = CoreGraphics.framework; path = System/Library/Frameworks/CoreGraphics.framework; sourceTree = SDKROOT; };
		D2544BCB1994B81500794A4F /* UIKit.framework */ = {isa = PBXFileReference; lastKnownFileType = wrapper.framework; name = UIKit.framework; path = System/Library/Frameworks/UIKit.framework; sourceTree = SDKROOT; };
		D2544BCF1994B81500794A4F /* PaintBoard-Info.plist */ = {isa = PBXFileReference; lastKnownFileType = text.plist.xml; path = "PaintBoard-Info.plist"; sourceTree = "<group>"; };
		D2544BD11994B81500794A4F /* en */ = {isa = PBXFileReference; lastKnownFileType = text.plist.strings; name = en; path = en.lproj/InfoPlist.strings; sourceTree = "<group>"; };
		D2544BD31994B81500794A4F /* main.m */ = {isa = PBXFileReference; lastKnownFileType = sourcecode.c.objc; path = main.m; sourceTree = "<group>"; };
		D2544BD51994B81500794A4F /* PaintBoard-Prefix.pch */ = {isa = PBXFileReference; lastKnownFileType = sourcecode.c.h; path = "PaintBoard-Prefix.pch"; sourceTree = "<group>"; };
		D2544BD61994B81500794A4F /* AppDelegate.h */ = {isa = PBXFileReference; lastKnownFileType = sourcecode.c.h; path = AppDelegate.h; sourceTree = "<group>"; };
		D2544BD71994B81500794A4F /* AppDelegate.m */ = {isa = PBXFileReference; lastKnownFileType = sourcecode.c.objc; path = AppDelegate.m; sourceTree = "<group>"; };
		D2544BD91994B81500794A4F /* Images.xcassets */ = {isa = PBXFileReference; lastKnownFileType = folder.assetcatalog; path = Images.xcassets; sourceTree = "<group>"; };
		D2544BDF1994B81500794A4F /* PaintBoardTests.xctest */ = {isa = PBXFileReference; explicitFileType = wrapper.cfbundle; includeInIndex = 0; path = PaintBoardTests.xctest; sourceTree = BUILT_PRODUCTS_DIR; };
		D2544BE01994B81500794A4F /* XCTest.framework */ = {isa = PBXFileReference; lastKnownFileType = wrapper.framework; name = XCTest.framework; path = Library/Frameworks/XCTest.framework; sourceTree = DEVELOPER_DIR; };
		D2544BE81994B81500794A4F /* PaintBoardTests-Info.plist */ = {isa = PBXFileReference; lastKnownFileType = text.plist.xml; path = "PaintBoardTests-Info.plist"; sourceTree = "<group>"; };
		D2544BEA1994B81500794A4F /* en */ = {isa = PBXFileReference; lastKnownFileType = text.plist.strings; name = en; path = en.lproj/InfoPlist.strings; sourceTree = "<group>"; };
		D2544BEC1994B81500794A4F /* PaintBoardTests.m */ = {isa = PBXFileReference; lastKnownFileType = sourcecode.c.objc; path = PaintBoardTests.m; sourceTree = "<group>"; };
		D2544BF61994B8AC00794A4F /* MainViewController.h */ = {isa = PBXFileReference; fileEncoding = 4; lastKnownFileType = sourcecode.c.h; path = MainViewController.h; sourceTree = "<group>"; };
		D2544BF71994B8AC00794A4F /* MainViewController.m */ = {isa = PBXFileReference; fileEncoding = 4; lastKnownFileType = sourcecode.c.objc; path = MainViewController.m; sourceTree = "<group>"; };
		D2544BF91994B93E00794A4F /* PaintView.h */ = {isa = PBXFileReference; fileEncoding = 4; lastKnownFileType = sourcecode.c.h; path = PaintView.h; sourceTree = "<group>"; };
		D2544BFA1994B93E00794A4F /* PaintView.m */ = {isa = PBXFileReference; fileEncoding = 4; lastKnownFileType = sourcecode.c.objc; path = PaintView.m; sourceTree = "<group>"; };
/* End PBXFileReference section */

/* Begin PBXFrameworksBuildPhase section */
		D2544BC11994B81500794A4F /* Frameworks */ = {
			isa = PBXFrameworksBuildPhase;
			buildActionMask = 2147483647;
			files = (
				D2544BCA1994B81500794A4F /* CoreGraphics.framework in Frameworks */,
				D2544BCC1994B81500794A4F /* UIKit.framework in Frameworks */,
				D2544BC81994B81500794A4F /* Foundation.framework in Frameworks */,
			);
			runOnlyForDeploymentPostprocessing = 0;
		};
		D2544BDC1994B81500794A4F /* Frameworks */ = {
			isa = PBXFrameworksBuildPhase;
			buildActionMask = 2147483647;
			files = (
				D2544BE11994B81500794A4F /* XCTest.framework in Frameworks */,
				D2544BE31994B81500794A4F /* UIKit.framework in Frameworks */,
				D2544BE21994B81500794A4F /* Foundation.framework in Frameworks */,
			);
			runOnlyForDeploymentPostprocessing = 0;
		};
/* End PBXFrameworksBuildPhase section */

/* Begin PBXGroup section */
		D2544BBB1994B81500794A4F = {
			isa = PBXGroup;
			children = (
				D2544BCD1994B81500794A4F /* PaintBoard */,
				D2544BE61994B81500794A4F /* PaintBoardTests */,
				D2544BC61994B81500794A4F /* Frameworks */,
				D2544BC51994B81500794A4F /* Products */,
			);
			sourceTree = "<group>";
		};
		D2544BC51994B81500794A4F /* Products */ = {
			isa = PBXGroup;
			children = (
				D2544BC41994B81500794A4F /* PaintBoard.app */,
				D2544BDF1994B81500794A4F /* PaintBoardTests.xctest */,
			);
			name = Products;
			sourceTree = "<group>";
		};
		D2544BC61994B81500794A4F /* Frameworks */ = {
			isa = PBXGroup;
			children = (
				D2544BC71994B81500794A4F /* Foundation.framework */,
				D2544BC91994B81500794A4F /* CoreGraphics.framework */,
				D2544BCB1994B81500794A4F /* UIKit.framework */,
				D2544BE01994B81500794A4F /* XCTest.framework */,
			);
			name = Frameworks;
			sourceTree = "<group>";
		};
		D2544BCD1994B81500794A4F /* PaintBoard */ = {
			isa = PBXGroup;
			children = (
				D2544BD61994B81500794A4F /* AppDelegate.h */,
				D2544BD71994B81500794A4F /* AppDelegate.m */,
				D2544BF61994B8AC00794A4F /* MainViewController.h */,
				D2544BF71994B8AC00794A4F /* MainViewController.m */,
				D2544BF91994B93E00794A4F /* PaintView.h */,
				D2544BFA1994B93E00794A4F /* PaintView.m */,
				D2544BD91994B81500794A4F /* Images.xcassets */,
				D2544BCE1994B81500794A4F /* Supporting Files */,
			);
			path = PaintBoard;
			sourceTree = "<group>";
		};
		D2544BCE1994B81500794A4F /* Supporting Files */ = {
			isa = PBXGroup;
			children = (
				D2544BCF1994B81500794A4F /* PaintBoard-Info.plist */,
				D2544BD01994B81500794A4F /* InfoPlist.strings */,
				D2544BD31994B81500794A4F /* main.m */,
				D2544BD51994B81500794A4F /* PaintBoard-Prefix.pch */,
			);
			name = "Supporting Files";
			sourceTree = "<group>";
		};
		D2544BE61994B81500794A4F /* PaintBoardTests */ = {
			isa = PBXGroup;
			children = (
				D2544BEC1994B81500794A4F /* PaintBoardTests.m */,
				D2544BE71994B81500794A4F /* Supporting Files */,
			);
			path = PaintBoardTests;
			sourceTree = "<group>";
		};
		D2544BE71994B81500794A4F /* Supporting Files */ = {
			isa = PBXGroup;
			children = (
				D2544BE81994B81500794A4F /* PaintBoardTests-Info.plist */,
				D2544BE91994B81500794A4F /* InfoPlist.strings */,
			);
			name = "Supporting Files";
			sourceTree = "<group>";
		};
/* End PBXGroup section */

/* Begin PBXNativeTarget section */
		D2544BC31994B81500794A4F /* PaintBoard */ = {
			isa = PBXNativeTarget;
			buildConfigurationList = D2544BF01994B81500794A4F /* Build configuration list for PBXNativeTarget "PaintBoard" */;
			buildPhases = (
				D2544BC01994B81500794A4F /* Sources */,
				D2544BC11994B81500794A4F /* Frameworks */,
				D2544BC21994B81500794A4F /* Resources */,
			);
			buildRules = (
			);
			dependencies = (
			);
			name = PaintBoard;
			productName = PaintBoard;
			productReference = D2544BC41994B81500794A4F /* PaintBoard.app */;
			productType = "com.apple.product-type.application";
		};
		D2544BDE1994B81500794A4F /* PaintBoardTests */ = {
			isa = PBXNativeTarget;
			buildConfigurationList = D2544BF31994B81500794A4F /* Build configuration list for PBXNativeTarget "PaintBoardTests" */;
			buildPhases = (
				D2544BDB1994B81500794A4F /* Sources */,
				D2544BDC1994B81500794A4F /* Frameworks */,
				D2544BDD1994B81500794A4F /* Resources */,
			);
			buildRules = (
			);
			dependencies = (
				D2544BE51994B81500794A4F /* PBXTargetDependency */,
			);
			name = PaintBoardTests;
			productName = PaintBoardTests;
			productReference = D2544BDF1994B81500794A4F /* PaintBoardTests.xctest */;
			productType = "com.apple.product-type.bundle.unit-test";
		};
/* End PBXNativeTarget section */

/* Begin PBXProject section */
		D2544BBC1994B81500794A4F /* Project object */ = {
			isa = PBXProject;
			attributes = {
				LastUpgradeCheck = 0510;
				ORGANIZATIONNAME = www.lanou3g.com;
				TargetAttributes = {
					D2544BDE1994B81500794A4F = {
						TestTargetID = D2544BC31994B81500794A4F;
					};
				};
			};
			buildConfigurationList = D2544BBF1994B81500794A4F /* Build configuration list for PBXProject "PaintBoard" */;
			compatibilityVersion = "Xcode 3.2";
			developmentRegion = English;
			hasScannedForEncodings = 0;
			knownRegions = (
				en,
			);
			mainGroup = D2544BBB1994B81500794A4F;
			productRefGroup = D2544BC51994B81500794A4F /* Products */;
			projectDirPath = "";
			projectRoot = "";
			targets = (
				D2544BC31994B81500794A4F /* PaintBoard */,
				D2544BDE1994B81500794A4F /* PaintBoardTests */,
			);
		};
/* End PBXProject section */

/* Begin PBXResourcesBuildPhase section */
		D2544BC21994B81500794A4F /* Resources */ = {
			isa = PBXResourcesBuildPhase;
			buildActionMask = 2147483647;
			files = (
				D2544BD21994B81500794A4F /* InfoPlist.strings in Resources */,
				D2544BDA1994B81500794A4F /* Images.xcassets in Resources */,
			);
			runOnlyForDeploymentPostprocessing = 0;
		};
		D2544BDD1994B81500794A4F /* Resources */ = {
			isa = PBXResourcesBuildPhase;
			buildActionMask = 2147483647;
			files = (
				D2544BEB1994B81500794A4F /* InfoPlist.strings in Resources */,
			);
			runOnlyForDeploymentPostprocessing = 0;
		};
/* End PBXResourcesBuildPhase section */

/* Begin PBXSourcesBuildPhase section */
		D2544BC01994B81500794A4F /* Sources */ = {
			isa = PBXSourcesBuildPhase;
			buildActionMask = 2147483647;
			files = (
				D2544BD81994B81500794A4F /* AppDelegate.m in Sources */,
				D2544BFB1994B93E00794A4F /* PaintView.m in Sources */,
				D2544BF81994B8AC00794A4F /* MainViewController.m in Sources */,
				D2544BD41994B81500794A4F /* main.m in Sources */,
			);
			runOnlyForDeploymentPostprocessing = 0;
		};
		D2544BDB1994B81500794A4F /* Sources */ = {
			isa = PBXSourcesBuildPhase;
			buildActionMask = 2147483647;
			files = (
				D2544BED1994B81500794A4F /* PaintBoardTests.m in Sources */,
			);
			runOnlyForDeploymentPostprocessing = 0;
		};
/* End PBXSourcesBuildPhase section */

/* Begin PBXTargetDependency section */
		D2544BE51994B81500794A4F /* PBXTargetDependency */ = {
			isa = PBXTargetDependency;
			target = D2544BC31994B81500794A4F /* PaintBoard */;
			targetProxy = D2544BE41994B81500794A4F /* PBXContainerItemProxy */;
		};
/* End PBXTargetDependency section */

/* Begin PBXVariantGroup section */
		D2544BD01994B81500794A4F /* InfoPlist.strings */ = {
			isa = PBXVariantGroup;
			children = (
				D2544BD11994B81500794A4F /* en */,
			);
			name = InfoPlist.strings;
			sourceTree = "<group>";
		};
		D2544BE91994B81500794A4F /* InfoPlist.strings */ = {
			isa = PBXVariantGroup;
			children = (
				D2544BEA1994B81500794A4F /* en */,
			);
			name = InfoPlist.strings;
			sourceTree = "<group>";
		};
/* End PBXVariantGroup section */

/* Begin XCBuildConfiguration section */
		D2544BEE1994B81500794A4F /* Debug */ = {
			isa = XCBuildConfiguration;
			buildSettings = {
				ALWAYS_SEARCH_USER_PATHS = NO;
				CLANG_CXX_LANGUAGE_STANDARD = "gnu++0x";
				CLANG_CXX_LIBRARY = "libc++";
				CLANG_ENABLE_MODULES = YES;
				CLANG_ENABLE_OBJC_ARC = YES;
				CLANG_WARN_BOOL_CONVERSION = YES;
				CLANG_WARN_CONSTANT_CONVERSION = YES;
				CLANG_WARN_DIRECT_OBJC_ISA_USAGE = YES_ERROR;
				CLANG_WARN_EMPTY_BODY = YES;
				CLANG_WARN_ENUM_CONVERSION = YES;
				CLANG_WARN_INT_CONVERSION = YES;
				CLANG_WARN_OBJC_ROOT_CLASS = YES_ERROR;
				CLANG_WARN__DUPLICATE_METHOD_MATCH = YES;
				"CODE_SIGN_IDENTITY[sdk=iphoneos*]" = "iPhone Developer";
				COPY_PHASE_STRIP = NO;
				GCC_C_LANGUAGE_STANDARD = gnu99;
				GCC_DYNAMIC_NO_PIC = NO;
				GCC_OPTIMIZATION_LEVEL = 0;
				GCC_PREPROCESSOR_DEFINITIONS = (
					"DEBUG=1",
					"$(inherited)",
				);
				GCC_SYMBOLS_PRIVATE_EXTERN = NO;
				GCC_WARN_64_TO_32_BIT_CONVERSION = YES;
				GCC_WARN_ABOUT_RETURN_TYPE = YES_ERROR;
				GCC_WARN_UNDECLARED_SELECTOR = YES;
				GCC_WARN_UNINITIALIZED_AUTOS = YES_AGGRESSIVE;
				GCC_WARN_UNUSED_FUNCTION = YES;
				GCC_WARN_UNUSED_VARIABLE = YES;
				IPHONEOS_DEPLOYMENT_TARGET = 7.1;
				ONLY_ACTIVE_ARCH = YES;
				SDKROOT = iphoneos;
			};
			name = Debug;
		};
		D2544BEF1994B81500794A4F /* Release */ = {
			isa = XCBuildConfiguration;
			buildSettings = {
				ALWAYS_SEARCH_USER_PATHS = NO;
				CLANG_CXX_LANGUAGE_STANDARD = "gnu++0x";
				CLANG_CXX_LIBRARY = "libc++";
				CLANG_ENABLE_MODULES = YES;
				CLANG_ENABLE_OBJC_ARC = YES;
				CLANG_WARN_BOOL_CONVERSION = YES;
				CLANG_WARN_CONSTANT_CONVERSION = YES;
				CLANG_WARN_DIRECT_OBJC_ISA_USAGE = YES_ERROR;
				CLANG_WARN_EMPTY_BODY = YES;
				CLANG_WARN_ENUM_CONVERSION = YES;
				CLANG_WARN_INT_CONVERSION = YES;
				CLANG_WARN_OBJC_ROOT_CLASS = YES_ERROR;
				CLANG_WARN__DUPLICATE_METHOD_MATCH = YES;
				"CODE_SIGN_IDENTITY[sdk=iphoneos*]" = "iPhone Developer";
				COPY_PHASE_STRIP = YES;
				ENABLE_NS_ASSERTIONS = NO;
				GCC_C_LANGUAGE_STANDARD = gnu99;
				GCC_WARN_64_TO_32_BIT_CONVERSION = YES;
				GCC_WARN_ABOUT_RETURN_TYPE = YES_ERROR;
				GCC_WARN_UNDECLARED_SELECTOR = YES;
				GCC_WARN_UNINITIALIZED_AUTOS = YES_AGGRESSIVE;
				GCC_WARN_UNUSED_FUNCTION = YES;
				GCC_WARN_UNUSED_VARIABLE = YES;
				IPHONEOS_DEPLOYMENT_TARGET = 7.1;
				SDKROOT = iphoneos;
				VALIDATE_PRODUCT = YES;
			};
			name = Release;
		};
		D2544BF11994B81500794A4F /* Debug */ = {
			isa = XCBuildConfiguration;
			buildSettings = {
				ASSETCATALOG_COMPILER_APPICON_NAME = AppIcon;
				ASSETCATALOG_COMPILER_LAUNCHIMAGE_NAME = LaunchImage;
				CLANG_ENABLE_OBJC_ARC = NO;
				GCC_PRECOMPILE_PREFIX_HEADER = YES;
				GCC_PREFIX_HEADER = "PaintBoard/PaintBoard-Prefix.pch";
				INFOPLIST_FILE = "PaintBoard/PaintBoard-Info.plist";
				PRODUCT_BUNDLE_IDENTIFIER = ui;
				PRODUCT_NAME = "$(TARGET_NAME)";
				WRAPPER_EXTENSION = app;
			};
			name = Debug;
		};
		D2544BF21994B81500794A4F /* Release */ = {
			isa = XCBuildConfiguration;
			buildSettings = {
				ASSETCATALOG_COMPILER_APPICON_NAME = AppIcon;
				ASSETCATALOG_COMPILER_LAUNCHIMAGE_NAME = LaunchImage;
				CLANG_ENABLE_OBJC_ARC = NO;
				GCC_PRECOMPILE_PREFIX_HEADER = YES;
				GCC_PREFIX_HEADER = "PaintBoard/PaintBoard-Prefix.pch";
				INFOPLIST_FILE = "PaintBoard/PaintBoard-Info.plist";
				PRODUCT_BUNDLE_IDENTIFIER = ui;
				PRODUCT_NAME = "$(TARGET_NAME)";
				WRAPPER_EXTENSION = app;
			};
			name = Release;
		};
		D2544BF41994B81500794A4F /* Debug */ = {
			isa = XCBuildConfiguration;
			buildSettings = {
				BUNDLE_LOADER = "$(BUILT_PRODUCTS_DIR)/PaintBoard.app/PaintBoard";
				FRAMEWORK_SEARCH_PATHS = (
					"$(SDKROOT)/Developer/Library/Frameworks",
					"$(inherited)",
					"$(DEVELOPER_FRAMEWORKS_DIR)",
				);
				GCC_PRECOMPILE_PREFIX_HEADER = YES;
				GCC_PREFIX_HEADER = "PaintBoard/PaintBoard-Prefix.pch";
				GCC_PREPROCESSOR_DEFINITIONS = (
					"DEBUG=1",
					"$(inherited)",
				);
				INFOPLIST_FILE = "PaintBoardTests/PaintBoardTests-Info.plist";
				PRODUCT_NAME = "$(TARGET_NAME)";
				TEST_HOST = "$(BUNDLE_LOADER)";
				WRAPPER_EXTENSION = xctest;
			};
			name = Debug;
		};
		D2544BF51994B81500794A4F /* Release */ = {
			isa = XCBuildConfiguration;
			buildSettings = {
				BUNDLE_LOADER = "$(BUILT_PRODUCTS_DIR)/PaintBoard.app/PaintBoard";
				FRAMEWORK_SEARCH_PATHS = (
					"$(SDKROOT)/Developer/Library/Frameworks",
					"$(inherited)",
					"$(DEVELOPER_FRAMEWORKS_DIR)",
				);
				GCC_PRECOMPILE_PREFIX_HEADER = YES;
				GCC_PREFIX_HEADER = "PaintBoard/PaintBoard-Prefix.pch";
				INFOPLIST_FILE = "PaintBoardTests/PaintBoardTests-Info.plist";
				PRODUCT_NAME = "$(TARGET_NAME)";
				TEST_HOST = "$(BUNDLE_LOADER)";
				WRAPPER_EXTENSION = xctest;
			};
			name = Release;
		};
/* End XCBuildConfiguration section */

/* Begin XCConfigurationList section */
		D2544BBF1994B81500794A4F /* Build configuration list for PBXProject "PaintBoard" */ = {
			isa = XCConfigurationList;
			buildConfigurations = (
				D2544BEE1994B81500794A4F /* Debug */,
				D2544BEF1994B81500794A4F /* Release */,
			);
			defaultConfigurationIsVisible = 0;
			defaultConfigurationName = Release;
		};
		D2544BF01994B81500794A4F /* Build configuration list for PBXNativeTarget "PaintBoard" */ = {
			isa = XCConfigurationList;
			buildConfigurations = (
				D2544BF11994B81500794A4F /* Debug */,
				D2544BF21994B81500794A4F /* Release */,
			);
			defaultConfigurationIsVisible = 0;
			defaultConfigurationName = Release;
		};
		D2544BF31994B81500794A4F /* Build configuration list for PBXNativeTarget "PaintBoardTests" */ = {
			isa = XCConfigurationList;
			buildConfigurations = (
				D2544BF41994B81500794A4F /* Debug */,
				D2544BF51994B81500794A4F /* Release */,
			);
			defaultConfigurationIsVisible = 0;
			defaultConfigurationName = Release;
		};
/* End XCConfigurationList section */
	};
	rootObject = D2544BBC1994B81500794A4F /* Project object */;
}
